
Microsoft Visual Studio Solution File, Format Version 12.00
# Visual Studio 15
VisualStudioVersion = 15.0.28307.1684
MinimumVisualStudioVersion = 10.0.40219.1
Project("{8BC9CEB8-8B4A-11D0-8D11-00A0C91BC942}") = "ch7", "ch7\ch7.vcxproj", "{66C9BE8C-DE45-425D-92E7-4D3A02377ABF}"
EndProject
Global
	GlobalSection(SolutionConfigurationPlatforms) = preSolution
		Debug|x64 = Debug|x64
		Debug|x86 = Debug|x86
		Release|x64 = Release|x64
		Release|x86 = Release|x86
	EndGlobalSection
	GlobalSection(ProjectConfigurationPlatforms) = postSolution
		{66C9BE8C-DE45-425D-92E7-4D3A02377ABF}.Debug|x64.ActiveCfg = Debug|x64
		{66C9BE8C-DE45-425D-92E7-4D3A02377ABF}.Debug|x64.Build.0 = Debug|x64
		{66C9BE8C-DE45-425D-92E7-4D3A02377ABF}.Debug|x86.ActiveCfg = Debug|Win32
		{66C9BE8C-DE45-425D-92E7-4D3A02377ABF}.Debug|x86.Build.0 = Debug|Win32
		{66C9BE8C-DE45-425D-92E7-4D3A02377ABF}.Release|x64.ActiveCfg = Release|x64
		{66C9BE8C-DE45-425D-92E7-4D3A02377ABF}.Release|x64.Build.0 = Release|x64
		{66C9BE8C-DE45-425D-92E7-4D3A02377ABF}.Release|x86.ActiveCfg = Release|Win32
		{66C9BE8C-DE45-425D-92E7-4D3A02377ABF}.Release|x86.Build.0 = Release|Win32
	EndGlobalSection
	GlobalSection(SolutionProperties) = preSolution
		HideSolutionNode = FALSE
	EndGlobalSection
	GlobalSection(ExtensibilityGlobals) = postSolution
		SolutionGuid = {06AB003C-862A-4435-9C53-36856F6D1934}
	EndGlobalSection
EndGlobal
